# This file is automatically @generated by Cargo.
# It is not intended for manual editing.
[[package]]
name = "html-escape"
version = "0.2.9"
source = "registry+https://github.com/rust-lang/crates.io-index"
checksum = "816ea801a95538fc5f53c836697b3f8b64a9d664c4f0b91efe1fe7c92e4dbcb7"
dependencies = [
 "utf8-width",
]

[[package]]
name = "utf8-width"
version = "0.1.5"
source = "registry+https://github.com/rust-lang/crates.io-index"
checksum = "7cf7d77f457ef8dfa11e4cd5933c5ddb5dc52a94664071951219a97710f0a32b"

[[package]]
name = "yle-tekstitv-rust"
version = "0.1.0"
dependencies = [
 "html-escape",
]
